{
  "name": "FHIR",
  "version": "1.0.0",
  "lockfileVersion": 1,
  "requires": true,
  "dependencies": {
    "dayjs": {
      "version": "1.8.18",
      "resolved": "https://registry.npmjs.org/dayjs/-/dayjs-1.8.18.tgz",
      "integrity": "sha512-JBMJZghNK8TtuoPnKNIzW9xavVVigld/zmZNpZSyQbkb2Opp55YIfZUpE4OEqPF/iyUVQTKcn1bC2HtC8B7s3g=="
    },
    "lodash": {
      "version": "4.17.19",
      "resolved": "https://registry.npmjs.org/lodash/-/lodash-4.17.19.tgz",
      "integrity": "sha512-JNvd8XER9GQX0v2qJgsaN/mzFCNA5BRe/j8JN9d+tWyGLSodKQHKFicdwNYzWwI3wjRnaKPsGj1XkBjx/F96DQ=="
    }
  }
}
